analysis/gvcf/B2_raw_variants_1.vcf.gz
analysis/gvcf/pg34_raw_variants_1.vcf.gz
analysis/gvcf/A2Sch_raw_variants_1.vcf.gz
analysis/gvcf/pg38_raw_variants_1.vcf.gz
analysis/gvcf/A2_raw_variants_1.vcf.gz
analysis/gvcf/pg41_raw_variants_1.vcf.gz
analysis/gvcf/pg31_raw_variants_1.vcf.gz
analysis/gvcf/pg5_raw_variants_1.vcf.gz
analysis/gvcf/V2_raw_variants_1.vcf.gz
analysis/gvcf/K2_raw_variants_1.vcf.gz
analysis/gvcf/pg4_raw_variants_1.vcf.gz
analysis/gvcf/pg2_raw_variants_1.vcf.gz
analysis/gvcf/pg42_raw_variants_1.vcf.gz
analysis/gvcf/pg36_raw_variants_1.vcf.gz
analysis/gvcf/pg43_raw_variants_1.vcf.gz
analysis/gvcf/P2_raw_variants_1.vcf.gz
analysis/gvcf/pg23_raw_variants_1.vcf.gz
analysis/gvcf/La4_raw_variants_1.vcf.gz
analysis/gvcf/pg13_raw_variants_1.vcf.gz
analysis/gvcf/pg40_raw_variants_1.vcf.gz
analysis/gvcf/pg17_raw_variants_1.vcf.gz
